// !$*UTF8*$!
{
	archiveVersion = 1;
	classes = {
	};
	objectVersion = 52;
	objects = {

/* Begin PBXBuildFile section */
		2E0D9C4623AEC82800886F5B /* Nebula in Frameworks */ = {isa = PBXBuildFile; productRef = 2E0D9C4523AEC82800886F5B /* Nebula */; };
		2E0D9C4823AEC8BD00886F5B /* Cancellable+Helper.swift in Sources */ = {isa = PBXBuildFile; fileRef = 2E0D9C4723AEC8BD00886F5B /* Cancellable+Helper.swift */; };
		2E0D9C4B23AECD0600886F5B /* LoginViewController.swift in Sources */ = {isa = PBXBuildFile; fileRef = 2E0D9C4A23AECD0600886F5B /* LoginViewController.swift */; };
		2E0D9C4D23AECD2200886F5B /* Login.storyboard in Resources */ = {isa = PBXBuildFile; fileRef = 2E0D9C4C23AECD2200886F5B /* Login.storyboard */; };
		2E0D9C5023AED0E300886F5B /* Storyboards.swift in Sources */ = {isa = PBXBuildFile; fileRef = 2E0D9C4F23AED0E300886F5B /* Storyboards.swift */; };
		2ED9F91E23AEC003000D153B /* AppDelegate.swift in Sources */ = {isa = PBXBuildFile; fileRef = 2ED9F91D23AEC003000D153B /* AppDelegate.swift */; };
		2ED9F92023AEC003000D153B /* ViewController.swift in Sources */ = {isa = PBXBuildFile; fileRef = 2ED9F91F23AEC003000D153B /* ViewController.swift */; };
		2ED9F92523AEC005000D153B /* Assets.xcassets in Resources */ = {isa = PBXBuildFile; fileRef = 2ED9F92423AEC005000D153B /* Assets.xcassets */; };
		2ED9F92823AEC005000D153B /* LaunchScreen.storyboard in Resources */ = {isa = PBXBuildFile; fileRef = 2ED9F92623AEC005000D153B /* LaunchScreen.storyboard */; };
		2ED9F93323AEC796000D153B /* NebulaClient.swift in Sources */ = {isa = PBXBuildFile; fileRef = 2ED9F93223AEC796000D153B /* NebulaClient.swift */; };
/* End PBXBuildFile section */

/* Begin PBXFileReference section */
		2E0D9C4723AEC8BD00886F5B /* Cancellable+Helper.swift */ = {isa = PBXFileReference; lastKnownFileType = sourcecode.swift; path = "Cancellable+Helper.swift"; sourceTree = "<group>"; };
		2E0D9C4A23AECD0600886F5B /* LoginViewController.swift */ = {isa = PBXFileReference; lastKnownFileType = sourcecode.swift; path = LoginViewController.swift; sourceTree = "<group>"; };
		2E0D9C4C23AECD2200886F5B /* Login.storyboard */ = {isa = PBXFileReference; lastKnownFileType = file.storyboard; path = Login.storyboard; sourceTree = "<group>"; };
		2E0D9C4F23AED0E300886F5B /* Storyboards.swift */ = {isa = PBXFileReference; lastKnownFileType = sourcecode.swift; path = Storyboards.swift; sourceTree = "<group>"; };
		2ED9F91A23AEC003000D153B /* ClearNebula.app */ = {isa = PBXFileReference; explicitFileType = wrapper.application; includeInIndex = 0; path = ClearNebula.app; sourceTree = BUILT_PRODUCTS_DIR; };
		2ED9F91D23AEC003000D153B /* AppDelegate.swift */ = {isa = PBXFileReference; lastKnownFileType = sourcecode.swift; path = AppDelegate.swift; sourceTree = "<group>"; };
		2ED9F91F23AEC003000D153B /* ViewController.swift */ = {isa = PBXFileReference; lastKnownFileType = sourcecode.swift; path = ViewController.swift; sourceTree = "<group>"; };
		2ED9F92423AEC005000D153B /* Assets.xcassets */ = {isa = PBXFileReference; lastKnownFileType = folder.assetcatalog; path = Assets.xcassets; sourceTree = "<group>"; };
		2ED9F92723AEC005000D153B /* Base */ = {isa = PBXFileReference; lastKnownFileType = file.storyboard; name = Base; path = Base.lproj/LaunchScreen.storyboard; sourceTree = "<group>"; };
		2ED9F92923AEC005000D153B /* Info.plist */ = {isa = PBXFileReference; lastKnownFileType = text.plist.xml; path = Info.plist; sourceTree = "<group>"; };
		2ED9F93123AEC048000D153B /* Nebula */ = {isa = PBXFileReference; lastKnownFileType = folder; path = Nebula; sourceTree = "<group>"; };
		2ED9F93223AEC796000D153B /* NebulaClient.swift */ = {isa = PBXFileReference; lastKnownFileType = sourcecode.swift; path = NebulaClient.swift; sourceTree = "<group>"; };
/* End PBXFileReference section */

/* Begin PBXFrameworksBuildPhase section */
		2ED9F91723AEC003000D153B /* Frameworks */ = {
			isa = PBXFrameworksBuildPhase;
			buildActionMask = 2147483647;
			files = (
				2E0D9C4623AEC82800886F5B /* Nebula in Frameworks */,
			);
			runOnlyForDeploymentPostprocessing = 0;
		};
/* End PBXFrameworksBuildPhase section */

/* Begin PBXGroup section */
		2E0D9C4423AEC82800886F5B /* Frameworks */ = {
			isa = PBXGroup;
			children = (
			);
			name = Frameworks;
			sourceTree = "<group>";
		};
		2E0D9C4923AECCFA00886F5B /* Login */ = {
			isa = PBXGroup;
			children = (
				2E0D9C4A23AECD0600886F5B /* LoginViewController.swift */,
				2E0D9C4C23AECD2200886F5B /* Login.storyboard */,
			);
			path = Login;
			sourceTree = "<group>";
		};
		2E0D9C4E23AED0CD00886F5B /* Generated */ = {
			isa = PBXGroup;
			children = (
				2E0D9C4F23AED0E300886F5B /* Storyboards.swift */,
			);
			path = Generated;
			sourceTree = "<group>";
		};
		2ED9F91123AEC003000D153B = {
			isa = PBXGroup;
			children = (
				2ED9F93123AEC048000D153B /* Nebula */,
				2ED9F91C23AEC003000D153B /* ClearNebula */,
				2ED9F91B23AEC003000D153B /* Products */,
				2E0D9C4423AEC82800886F5B /* Frameworks */,
			);
			sourceTree = "<group>";
		};
		2ED9F91B23AEC003000D153B /* Products */ = {
			isa = PBXGroup;
			children = (
				2ED9F91A23AEC003000D153B /* ClearNebula.app */,
			);
			name = Products;
			sourceTree = "<group>";
		};
		2ED9F91C23AEC003000D153B /* ClearNebula */ = {
			isa = PBXGroup;
			children = (
				2E0D9C4E23AED0CD00886F5B /* Generated */,
				2E0D9C4923AECCFA00886F5B /* Login */,
				2ED9F91D23AEC003000D153B /* AppDelegate.swift */,
				2ED9F91F23AEC003000D153B /* ViewController.swift */,
				2ED9F92423AEC005000D153B /* Assets.xcassets */,
				2ED9F92623AEC005000D153B /* LaunchScreen.storyboard */,
				2ED9F92923AEC005000D153B /* Info.plist */,
				2ED9F93223AEC796000D153B /* NebulaClient.swift */,
				2E0D9C4723AEC8BD00886F5B /* Cancellable+Helper.swift */,
			);
			path = ClearNebula;
			sourceTree = "<group>";
		};
/* End PBXGroup section */

/* Begin PBXNativeTarget section */
		2ED9F91923AEC003000D153B /* ClearNebula */ = {
			isa = PBXNativeTarget;
			buildConfigurationList = 2ED9F92C23AEC005000D153B /* Build configuration list for PBXNativeTarget "ClearNebula" */;
			buildPhases = (
				2ED9F91623AEC003000D153B /* Sources */,
				2ED9F91723AEC003000D153B /* Frameworks */,
				2ED9F91823AEC003000D153B /* Resources */,
			);
			buildRules = (
			);
			dependencies = (
			);
			name = ClearNebula;
			packageProductDependencies = (
				2E0D9C4523AEC82800886F5B /* Nebula */,
			);
			productName = ClearNebula;
			productReference = 2ED9F91A23AEC003000D153B /* ClearNebula.app */;
			productType = "com.apple.product-type.application";
		};
/* End PBXNativeTarget section */

/* Begin PBXProject section */
		2ED9F91223AEC003000D153B /* Project object */ = {
			isa = PBXProject;
			attributes = {
				LastSwiftUpdateCheck = 1130;
				LastUpgradeCheck = 1130;
				ORGANIZATIONNAME = "Max von Webel";
				TargetAttributes = {
					2ED9F91923AEC003000D153B = {
						CreatedOnToolsVersion = 11.3;
					};
				};
			};
			buildConfigurationList = 2ED9F91523AEC003000D153B /* Build configuration list for PBXProject "ClearNebula" */;
			compatibilityVersion = "Xcode 9.3";
			developmentRegion = en;
			hasScannedForEncodings = 0;
			knownRegions = (
				en,
				Base,
			);
			mainGroup = 2ED9F91123AEC003000D153B;
			productRefGroup = 2ED9F91B23AEC003000D153B /* Products */;
			projectDirPath = "";
			projectRoot = "";
			targets = (
				2ED9F91923AEC003000D153B /* ClearNebula */,
			);
		};
/* End PBXProject section */

/* Begin PBXResourcesBuildPhase section */
		2ED9F91823AEC003000D153B /* Resources */ = {
			isa = PBXResourcesBuildPhase;
			buildActionMask = 2147483647;
			files = (
				2E0D9C4D23AECD2200886F5B /* Login.storyboard in Resources */,
				2ED9F92823AEC005000D153B /* LaunchScreen.storyboard in Resources */,
				2ED9F92523AEC005000D153B /* Assets.xcassets in Resources */,
			);
			runOnlyForDeploymentPostprocessing = 0;
		};
/* End PBXResourcesBuildPhase section */

/* Begin PBXSourcesBuildPhase section */
		2ED9F91623AEC003000D153B /* Sources */ = {
			isa = PBXSourcesBuildPhase;
			buildActionMask = 2147483647;
			files = (
				2E0D9C5023AED0E300886F5B /* Storyboards.swift in Sources */,
				2E0D9C4823AEC8BD00886F5B /* Cancellable+Helper.swift in Sources */,
				2ED9F93323AEC796000D153B /* NebulaClient.swift in Sources */,
				2ED9F92023AEC003000D153B /* ViewController.swift in Sources */,
				2E0D9C4B23AECD0600886F5B /* LoginViewController.swift in Sources */,
				2ED9F91E23AEC003000D153B /* AppDelegate.swift in Sources */,
			);
			runOnlyForDeploymentPostprocessing = 0;
		};
/* End PBXSourcesBuildPhase section */

/* Begin PBXVariantGroup section */
		2ED9F92623AEC005000D153B /* LaunchScreen.storyboard */ = {
			isa = PBXVariantGroup;
			children = (
				2ED9F92723AEC005000D153B /* Base */,
			);
			name = LaunchScreen.storyboard;
			sourceTree = "<group>";
		};
/* End PBXVariantGroup section */

/* Begin XCBuildConfiguration section */
		2ED9F92A23AEC005000D153B /* Debug */ = {
			isa = XCBuildConfiguration;
			buildSettings = {
				ALWAYS_SEARCH_USER_PATHS = NO;
				CLANG_ANALYZER_NONNULL = YES;
				CLANG_ANALYZER_NUMBER_OBJECT_CONVERSION = YES_AGGRESSIVE;
				CLANG_CXX_LANGUAGE_STANDARD = "gnu++14";
				CLANG_CXX_LIBRARY = "libc++";
				CLANG_ENABLE_MODULES = YES;
				CLANG_ENABLE_OBJC_ARC = YES;
				CLANG_ENABLE_OBJC_WEAK = YES;
				CLANG_WARN_BLOCK_CAPTURE_AUTORELEASING = YES;
				CLANG_WARN_BOOL_CONVERSION = YES;
				CLANG_WARN_COMMA = YES;
				CLANG_WARN_CONSTANT_CONVERSION = YES;
				CLANG_WARN_DEPRECATED_OBJC_IMPLEMENTATIONS = YES;
				CLANG_WARN_DIRECT_OBJC_ISA_USAGE = YES_ERROR;
				CLANG_WARN_DOCUMENTATION_COMMENTS = YES;
				CLANG_WARN_EMPTY_BODY = YES;
				CLANG_WARN_ENUM_CONVERSION = YES;
				CLANG_WARN_INFINITE_RECURSION = YES;
				CLANG_WARN_INT_CONVERSION = YES;
				CLANG_WARN_NON_LITERAL_NULL_CONVERSION = YES;
				CLANG_WARN_OBJC_IMPLICIT_RETAIN_SELF = YES;
				CLANG_WARN_OBJC_LITERAL_CONVERSION = YES;
				CLANG_WARN_OBJC_ROOT_CLASS = YES_ERROR;
				CLANG_WARN_RANGE_LOOP_ANALYSIS = YES;
				CLANG_WARN_STRICT_PROTOTYPES = YES;
				CLANG_WARN_SUSPICIOUS_MOVE = YES;
				CLANG_WARN_UNGUARDED_AVAILABILITY = YES_AGGRESSIVE;
				CLANG_WARN_UNREACHABLE_CODE = YES;
				CLANG_WARN__DUPLICATE_METHOD_MATCH = YES;
				COPY_PHASE_STRIP = NO;
				DEBUG_INFORMATION_FORMAT = dwarf;
				ENABLE_STRICT_OBJC_MSGSEND = YES;
				ENABLE_TESTABILITY = YES;
				GCC_C_LANGUAGE_STANDARD = gnu11;
				GCC_DYNAMIC_NO_PIC = NO;
				GCC_NO_COMMON_BLOCKS = YES;
				GCC_OPTIMIZATION_LEVEL = 0;
				GCC_PREPROCESSOR_DEFINITIONS = (
					"DEBUG=1",
					"$(inherited)",
				);
				GCC_WARN_64_TO_32_BIT_CONVERSION = YES;
				GCC_WARN_ABOUT_RETURN_TYPE = YES_ERROR;
				GCC_WARN_UNDECLARED_SELECTOR = YES;
				GCC_WARN_UNINITIALIZED_AUTOS = YES_AGGRESSIVE;
				GCC_WARN_UNUSED_FUNCTION = YES;
				GCC_WARN_UNUSED_VARIABLE = YES;
				MTL_ENABLE_DEBUG_INFO = INCLUDE_SOURCE;
				MTL_FAST_MATH = YES;
				ONLY_ACTIVE_ARCH = YES;
				SDKROOT = appletvos;
				SWIFT_ACTIVE_COMPILATION_CONDITIONS = DEBUG;
				SWIFT_OPTIMIZATION_LEVEL = "-Onone";
				TVOS_DEPLOYMENT_TARGET = 13.2;
			};
			name = Debug;
		};
		2ED9F92B23AEC005000D153B /* Release */ = {
			isa = XCBuildConfiguration;
			buildSettings = {
				ALWAYS_SEARCH_USER_PATHS = NO;
				CLANG_ANALYZER_NONNULL = YES;
				CLANG_ANALYZER_NUMBER_OBJECT_CONVERSION = YES_AGGRESSIVE;
				CLANG_CXX_LANGUAGE_STANDARD = "gnu++14";
				CLANG_CXX_LIBRARY = "libc++";
				CLANG_ENABLE_MODULES = YES;
				CLANG_ENABLE_OBJC_ARC = YES;
				CLANG_ENABLE_OBJC_WEAK = YES;
				CLANG_WARN_BLOCK_CAPTURE_AUTORELEASING = YES;
				CLANG_WARN_BOOL_CONVERSION = YES;
				CLANG_WARN_COMMA = YES;
				CLANG_WARN_CONSTANT_CONVERSION = YES;
				CLANG_WARN_DEPRECATED_OBJC_IMPLEMENTATIONS = YES;
				CLANG_WARN_DIRECT_OBJC_ISA_USAGE = YES_ERROR;
				CLANG_WARN_DOCUMENTATION_COMMENTS = YES;
				CLANG_WARN_EMPTY_BODY = YES;
				CLANG_WARN_ENUM_CONVERSION = YES;
				CLANG_WARN_INFINITE_RECURSION = YES;
				CLANG_WARN_INT_CONVERSION = YES;
				CLANG_WARN_NON_LITERAL_NULL_CONVERSION = YES;
				CLANG_WARN_OBJC_IMPLICIT_RETAIN_SELF = YES;
				CLANG_WARN_OBJC_LITERAL_CONVERSION = YES;
				CLANG_WARN_OBJC_ROOT_CLASS = YES_ERROR;
				CLANG_WARN_RANGE_LOOP_ANALYSIS = YES;
				CLANG_WARN_STRICT_PROTOTYPES = YES;
				CLANG_WARN_SUSPICIOUS_MOVE = YES;
				CLANG_WARN_UNGUARDED_AVAILABILITY = YES_AGGRESSIVE;
				CLANG_WARN_UNREACHABLE_CODE = YES;
				CLANG_WARN__DUPLICATE_METHOD_MATCH = YES;
				COPY_PHASE_STRIP = NO;
				DEBUG_INFORMATION_FORMAT = "dwarf-with-dsym";
				ENABLE_NS_ASSERTIONS = NO;
				ENABLE_STRICT_OBJC_MSGSEND = YES;
				GCC_C_LANGUAGE_STANDARD = gnu11;
				GCC_NO_COMMON_BLOCKS = YES;
				GCC_WARN_64_TO_32_BIT_CONVERSION = YES;
				GCC_WARN_ABOUT_RETURN_TYPE = YES_ERROR;
				GCC_WARN_UNDECLARED_SELECTOR = YES;
				GCC_WARN_UNINITIALIZED_AUTOS = YES_AGGRESSIVE;
				GCC_WARN_UNUSED_FUNCTION = YES;
				GCC_WARN_UNUSED_VARIABLE = YES;
				MTL_ENABLE_DEBUG_INFO = NO;
				MTL_FAST_MATH = YES;
				SDKROOT = appletvos;
				SWIFT_COMPILATION_MODE = wholemodule;
				SWIFT_OPTIMIZATION_LEVEL = "-O";
				TVOS_DEPLOYMENT_TARGET = 13.2;
				VALIDATE_PRODUCT = YES;
			};
			name = Release;
		};
		2ED9F92D23AEC005000D153B /* Debug */ = {
			isa = XCBuildConfiguration;
			buildSettings = {
				ASSETCATALOG_COMPILER_APPICON_NAME = "App Icon & Top Shelf Image";
				CODE_SIGN_STYLE = Automatic;
				DEVELOPMENT_TEAM = ATMW4AU45H;
				INFOPLIST_FILE = ClearNebula/Info.plist;
				LD_RUNPATH_SEARCH_PATHS = (
					"$(inherited)",
					"@executable_path/Frameworks",
				);
				PRODUCT_BUNDLE_IDENTIFIER = de.343max.ClearNebula;
				PRODUCT_NAME = "$(TARGET_NAME)";
				SWIFT_VERSION = 5.0;
				TARGETED_DEVICE_FAMILY = 3;
			};
			name = Debug;
		};
		2ED9F92E23AEC005000D153B /* Release */ = {
			isa = XCBuildConfiguration;
			buildSettings = {
				ASSETCATALOG_COMPILER_APPICON_NAME = "App Icon & Top Shelf Image";
				CODE_SIGN_STYLE = Automatic;
				DEVELOPMENT_TEAM = ATMW4AU45H;
				INFOPLIST_FILE = ClearNebula/Info.plist;
				LD_RUNPATH_SEARCH_PATHS = (
					"$(inherited)",
					"@executable_path/Frameworks",
				);
				PRODUCT_BUNDLE_IDENTIFIER = de.343max.ClearNebula;
				PRODUCT_NAME = "$(TARGET_NAME)";
				SWIFT_VERSION = 5.0;
				TARGETED_DEVICE_FAMILY = 3;
			};
			name = Release;
		};
/* End XCBuildConfiguration section */

/* Begin XCConfigurationList section */
		2ED9F91523AEC003000D153B /* Build configuration list for PBXProject "ClearNebula" */ = {
			isa = XCConfigurationList;
			buildConfigurations = (
				2ED9F92A23AEC005000D153B /* Debug */,
				2ED9F92B23AEC005000D153B /* Release */,
			);
			defaultConfigurationIsVisible = 0;
			defaultConfigurationName = Release;
		};
		2ED9F92C23AEC005000D153B /* Build configuration list for PBXNativeTarget "ClearNebula" */ = {
			isa = XCConfigurationList;
			buildConfigurations = (
				2ED9F92D23AEC005000D153B /* Debug */,
				2ED9F92E23AEC005000D153B /* Release */,
			);
			defaultConfigurationIsVisible = 0;
			defaultConfigurationName = Release;
		};
/* End XCConfigurationList section */

/* Begin XCSwiftPackageProductDependency section */
		2E0D9C4523AEC82800886F5B /* Nebula */ = {
			isa = XCSwiftPackageProductDependency;
			productName = Nebula;
		};
/* End XCSwiftPackageProductDependency section */
	};
	rootObject = 2ED9F91223AEC003000D153B /* Project object */;
}
