{
  "object": {
    "pins": [
      {
        "package": "swiftui-extensions",
        "repositoryURL": "git@github.com:swift-extensions/swiftui-extensions.git",
        "state": {
          "branch": null,
          "revision": "40bf1eae6f1d95cc799b7f70467abc36fe8265f3",
          "version": "0.9.0"
        }
      },
      {
        "package": "URLImage",
        "repositoryURL": "https://github.com/dmytro-anokhin/url-image.git",
        "state": {
          "branch": null,
          "revision": "5d3a5dc84f9bdf948d8b136f7a1b0099af68f114",
          "version": "0.9.9"
        }
      }
    ]
  },
  "version": 1
}
